
Microsoft Visual Studio Solution File, Format Version 12.00
# Visual Studio 15
VisualStudioVersion = 15.0.26403.7
MinimumVisualStudioVersion = 10.0.40219.1
Project("{FAE04EC0-301F-11D3-BF4B-00C04F79EFBC}") = "PCRM.Database", "PCRM.Database\PCRM.Database.csproj", "{33C05893-0481-42FA-BBD6-5DCB517C546A}"
EndProject
Project("{FAE04EC0-301F-11D3-BF4B-00C04F79EFBC}") = "ConsoleClient", "ConsoleClient\ConsoleClient.csproj", "{1694D69B-4050-4E46-AF76-074480E2B2B3}"
EndProject
Project("{FAE04EC0-301F-11D3-BF4B-00C04F79EFBC}") = "WebClient", "WebClient\WebClient.csproj", "{9C384D64-8258-4E49-BDEC-B5D0CBEEADBE}"
EndProject
Global
	GlobalSection(SolutionConfigurationPlatforms) = preSolution
		Debug|Any CPU = Debug|Any CPU
		Release|Any CPU = Release|Any CPU
	EndGlobalSection
	GlobalSection(ProjectConfigurationPlatforms) = postSolution
		{33C05893-0481-42FA-BBD6-5DCB517C546A}.Debug|Any CPU.ActiveCfg = Debug|Any CPU
		{33C05893-0481-42FA-BBD6-5DCB517C546A}.Debug|Any CPU.Build.0 = Debug|Any CPU
		{33C05893-0481-42FA-BBD6-5DCB517C546A}.Release|Any CPU.ActiveCfg = Release|Any CPU
		{33C05893-0481-42FA-BBD6-5DCB517C546A}.Release|Any CPU.Build.0 = Release|Any CPU
		{1694D69B-4050-4E46-AF76-074480E2B2B3}.Debug|Any CPU.ActiveCfg = Debug|Any CPU
		{1694D69B-4050-4E46-AF76-074480E2B2B3}.Debug|Any CPU.Build.0 = Debug|Any CPU
		{1694D69B-4050-4E46-AF76-074480E2B2B3}.Release|Any CPU.ActiveCfg = Release|Any CPU
		{1694D69B-4050-4E46-AF76-074480E2B2B3}.Release|Any CPU.Build.0 = Release|Any CPU
		{9C384D64-8258-4E49-BDEC-B5D0CBEEADBE}.Debug|Any CPU.ActiveCfg = Debug|Any CPU
		{9C384D64-8258-4E49-BDEC-B5D0CBEEADBE}.Debug|Any CPU.Build.0 = Debug|Any CPU
		{9C384D64-8258-4E49-BDEC-B5D0CBEEADBE}.Release|Any CPU.ActiveCfg = Release|Any CPU
		{9C384D64-8258-4E49-BDEC-B5D0CBEEADBE}.Release|Any CPU.Build.0 = Release|Any CPU
	EndGlobalSection
	GlobalSection(SolutionProperties) = preSolution
		HideSolutionNode = FALSE
	EndGlobalSection
EndGlobal
